{
  "version": 4,
  "terraform_version": "1.14.0",
  "serial": 2,
  "lineage": "90bd3e92-8f81-aeda-5b47-892ed5e174ad",
  "outputs": {
    "resource_group_id": {
      "value": "/subscriptions/8d42870d-3e7a-48d8-8dcf-8b20ed4c5ad6/resourceGroups/rg-terraform-example",
      "type": "string"
    }
  },
  "resources": [
    {
      "mode": "managed",
      "type": "azurerm_resource_group",
      "name": "example",
      "provider": "provider[\"registry.terraform.io/hashicorp/azurerm\"]",
      "instances": [
        {
          "schema_version": 0,
          "attributes": {
            "id": "/subscriptions/8d42870d-3e7a-48d8-8dcf-8b20ed4c5ad6/resourceGroups/rg-terraform-example",
            "location": "southeastasia",
            "managed_by": "",
            "name": "rg-terraform-example",
            "tags": null,
            "timeouts": null
          },
          "sensitive_attributes": [],
          "identity_schema_version": 0,
          "private": "eyJlMmJmYjczMC1lY2FhLTExZTYtOGY4OC0zNDM2M2JjN2M0YzAiOnsiY3JlYXRlIjo1NDAwMDAwMDAwMDAwLCJkZWxldGUiOjU0MDAwMDAwMDAwMDAsInJlYWQiOjMwMDAwMDAwMDAwMCwidXBkYXRlIjo1NDAwMDAwMDAwMDAwfX0="
        }
      ]
    }
  ],
  "check_results": null
}
